
Microsoft Visual Studio Solution File, Format Version 12.00
# Visual Studio Version 16
VisualStudioVersion = 16.0.29403.142
MinimumVisualStudioVersion = 10.0.40219.1
Project("{9A19103F-16F7-4668-BE54-9A1E7A4F7556}") = "Twilight.CQRS", "Src\Twilight.CQRS\Twilight.CQRS.csproj", "{FFDEC029-3BC7-49E8-BCE6-E1EB6128D3F6}"
EndProject
Project("{9A19103F-16F7-4668-BE54-9A1E7A4F7556}") = "Twilight.CQRS.Contracts", "Src\Twilight.CQRS.Contracts\Twilight.CQRS.Contracts.csproj", "{F2823E4F-BDD0-40FA-8A04-ACC00EFD726F}"
EndProject
Project("{9A19103F-16F7-4668-BE54-9A1E7A4F7556}") = "Twilight.CQRS.Messaging.Contracts", "Src\Twilight.CQRS.Messaging.Contracts\Twilight.CQRS.Messaging.Contracts.csproj", "{BB6F6A8D-E6C6-4692-9C75-A1CC0BB35A0C}"
EndProject
Project("{9A19103F-16F7-4668-BE54-9A1E7A4F7556}") = "Twilight.CQRS.Messaging.InMemory.Autofac", "Src\Twilight.CQRS.Messaging.InMemory.Autofac\Twilight.CQRS.Messaging.InMemory.Autofac.csproj", "{EFF1A877-B24E-4B6C-BB5A-20463BE11785}"
EndProject
Project("{9A19103F-16F7-4668-BE54-9A1E7A4F7556}") = "Twilight.CQRS.Autofac", "Src\Twilight.CQRS.Autofac\Twilight.CQRS.Autofac.csproj", "{51753F67-4DFC-4322-B61E-04520857490B}"
EndProject
Project("{2150E333-8FDC-42A3-9474-1A3956D46DE8}") = "03 - Tests", "03 - Tests", "{19203379-4B1B-4436-809D-30980492B3D5}"
EndProject
Project("{9A19103F-16F7-4668-BE54-9A1E7A4F7556}") = "Twilight.CQRS.Tests.Unit", "Test\Twilight.CQRS.Tests.Unit\Twilight.CQRS.Tests.Unit.csproj", "{A1C8E813-0EC7-414C-A894-9B7EBB1316F5}"
EndProject
Project("{9A19103F-16F7-4668-BE54-9A1E7A4F7556}") = "Twilight.CQRS.Autofac.Tests.Unit", "Test\Twilight.CQRS.Autofac.Tests.Unit\Twilight.CQRS.Autofac.Tests.Unit.csproj", "{CC916829-5089-46B2-99B0-EB3C653CD2C3}"
EndProject
Project("{9A19103F-16F7-4668-BE54-9A1E7A4F7556}") = "Twilight.CQRS.Messaging.InMemory.Autofac.Tests.Unit", "Test\Twilight.CQRS.Messaging.InMemory.Autofac.Tests.Unit\Twilight.CQRS.Messaging.InMemory.Autofac.Tests.Unit.csproj", "{14189CAD-5BCC-4125-BAFE-8261D5704E74}"
EndProject
Project("{2150E333-8FDC-42A3-9474-1A3956D46DE8}") = "01 - CQRS", "01 - CQRS", "{1B83FEA2-6467-44AD-A718-A51B9A67BC23}"
EndProject
Project("{9A19103F-16F7-4668-BE54-9A1E7A4F7556}") = "Twilight.CQRS.Tests.Unit.Shared", "Test\Twilight.CQRS.Tests.Unit.Shared\Twilight.CQRS.Tests.Unit.Shared.csproj", "{E3755038-3C99-4502-98F6-80F73FD28507}"
EndProject
Project("{9A19103F-16F7-4668-BE54-9A1E7A4F7556}") = "Twilight.CQRS.Messaging.InMemory.Autofac.Tests.Integration", "Test\Twilight.CQRS.Messaging.InMemory.Autofac.Tests.Integration\Twilight.CQRS.Messaging.InMemory.Autofac.Tests.Integration.csproj", "{61F763EA-549C-4946-A669-B19971A2AA3E}"
EndProject
Project("{2150E333-8FDC-42A3-9474-1A3956D46DE8}") = "01 - CQRS", "01 - CQRS", "{C7BDD76D-27F1-445D-8125-FCE2D974A1DB}"
EndProject
Project("{2150E333-8FDC-42A3-9474-1A3956D46DE8}") = "Solution Items", "Solution Items", "{1142AAF2-B1EC-4560-BA03-E16F8237F2DE}"
	ProjectSection(SolutionItems) = preProject
		ReadMe.md = ReadMe.md
	EndProjectSection
EndProject
Project("{9A19103F-16F7-4668-BE54-9A1E7A4F7556}") = "Twilight.CQRS.Messaging.Shared.Tests.Unit", "Test\Twilight.CQRS.Messaging.Shared.Tests.Unit\Twilight.CQRS.Messaging.Shared.Tests.Unit.csproj", "{40AB58ED-8A55-47D4-8D16-9A730837F80D}"
EndProject
Project("{9A19103F-16F7-4668-BE54-9A1E7A4F7556}") = "Twilight.CQRS.Messaging.Shared", "Src\Twilight.CQRS.Messaging.Shared\Twilight.CQRS.Messaging.Shared.csproj", "{1BC5B7CF-9EAE-4FFD-BB3D-369867297924}"
EndProject
Project("{2150E333-8FDC-42A3-9474-1A3956D46DE8}") = "02 - ES", "02 - ES", "{22A093C2-E9DA-4701-9681-86EC24D55C23}"
EndProject
Project("{9A19103F-16F7-4668-BE54-9A1E7A4F7556}") = "Twilight.ES", "Src\Twilight.ES\Twilight.ES.csproj", "{0C3DF92B-0BF7-4D60-8CA7-1915D2292302}"
EndProject
Project("{9A19103F-16F7-4668-BE54-9A1E7A4F7556}") = "Twilight.ES.Contracts", "Src\Twilight.ES.Contracts\Twilight.ES.Contracts.csproj", "{E34D25D3-9150-4199-87D3-83CF4F506764}"
EndProject
Project("{2150E333-8FDC-42A3-9474-1A3956D46DE8}") = "02 - ES", "02 - ES", "{1C0F7A6F-5916-49B4-9467-1732F4816CE9}"
EndProject
Project("{9A19103F-16F7-4668-BE54-9A1E7A4F7556}") = "Twilight.ES.Tests.Unit", "Test\Twilight.ES.Tests.Unit\Twilight.ES.Tests.Unit.csproj", "{7B15BA29-F25A-4AB1-9119-0055F70D7CD3}"
EndProject
Project("{2150E333-8FDC-42A3-9474-1A3956D46DE8}") = "04 - Sample", "04 - Sample", "{FC793B06-1827-4AAD-ACD8-FF1278E738D9}"
EndProject
Project("{FAE04EC0-301F-11D3-BF4B-00C04F79EFBC}") = "Twilight.Sample", "Sample\Twilight.Sample\Twilight.Sample.csproj", "{C5DA3F1A-8B5B-4433-8803-C581600016D1}"
EndProject
Global
	GlobalSection(SolutionConfigurationPlatforms) = preSolution
		Debug|Any CPU = Debug|Any CPU
		Release|Any CPU = Release|Any CPU
	EndGlobalSection
	GlobalSection(ProjectConfigurationPlatforms) = postSolution
		{FFDEC029-3BC7-49E8-BCE6-E1EB6128D3F6}.Debug|Any CPU.ActiveCfg = Debug|Any CPU
		{FFDEC029-3BC7-49E8-BCE6-E1EB6128D3F6}.Debug|Any CPU.Build.0 = Debug|Any CPU
		{FFDEC029-3BC7-49E8-BCE6-E1EB6128D3F6}.Release|Any CPU.ActiveCfg = Release|Any CPU
		{FFDEC029-3BC7-49E8-BCE6-E1EB6128D3F6}.Release|Any CPU.Build.0 = Release|Any CPU
		{F2823E4F-BDD0-40FA-8A04-ACC00EFD726F}.Debug|Any CPU.ActiveCfg = Debug|Any CPU
		{F2823E4F-BDD0-40FA-8A04-ACC00EFD726F}.Debug|Any CPU.Build.0 = Debug|Any CPU
		{F2823E4F-BDD0-40FA-8A04-ACC00EFD726F}.Release|Any CPU.ActiveCfg = Release|Any CPU
		{F2823E4F-BDD0-40FA-8A04-ACC00EFD726F}.Release|Any CPU.Build.0 = Release|Any CPU
		{BB6F6A8D-E6C6-4692-9C75-A1CC0BB35A0C}.Debug|Any CPU.ActiveCfg = Debug|Any CPU
		{BB6F6A8D-E6C6-4692-9C75-A1CC0BB35A0C}.Debug|Any CPU.Build.0 = Debug|Any CPU
		{BB6F6A8D-E6C6-4692-9C75-A1CC0BB35A0C}.Release|Any CPU.ActiveCfg = Release|Any CPU
		{BB6F6A8D-E6C6-4692-9C75-A1CC0BB35A0C}.Release|Any CPU.Build.0 = Release|Any CPU
		{EFF1A877-B24E-4B6C-BB5A-20463BE11785}.Debug|Any CPU.ActiveCfg = Debug|Any CPU
		{EFF1A877-B24E-4B6C-BB5A-20463BE11785}.Debug|Any CPU.Build.0 = Debug|Any CPU
		{EFF1A877-B24E-4B6C-BB5A-20463BE11785}.Release|Any CPU.ActiveCfg = Release|Any CPU
		{EFF1A877-B24E-4B6C-BB5A-20463BE11785}.Release|Any CPU.Build.0 = Release|Any CPU
		{51753F67-4DFC-4322-B61E-04520857490B}.Debug|Any CPU.ActiveCfg = Debug|Any CPU
		{51753F67-4DFC-4322-B61E-04520857490B}.Debug|Any CPU.Build.0 = Debug|Any CPU
		{51753F67-4DFC-4322-B61E-04520857490B}.Release|Any CPU.ActiveCfg = Release|Any CPU
		{51753F67-4DFC-4322-B61E-04520857490B}.Release|Any CPU.Build.0 = Release|Any CPU
		{A1C8E813-0EC7-414C-A894-9B7EBB1316F5}.Debug|Any CPU.ActiveCfg = Debug|Any CPU
		{A1C8E813-0EC7-414C-A894-9B7EBB1316F5}.Debug|Any CPU.Build.0 = Debug|Any CPU
		{A1C8E813-0EC7-414C-A894-9B7EBB1316F5}.Release|Any CPU.ActiveCfg = Release|Any CPU
		{A1C8E813-0EC7-414C-A894-9B7EBB1316F5}.Release|Any CPU.Build.0 = Release|Any CPU
		{CC916829-5089-46B2-99B0-EB3C653CD2C3}.Debug|Any CPU.ActiveCfg = Debug|Any CPU
		{CC916829-5089-46B2-99B0-EB3C653CD2C3}.Debug|Any CPU.Build.0 = Debug|Any CPU
		{CC916829-5089-46B2-99B0-EB3C653CD2C3}.Release|Any CPU.ActiveCfg = Release|Any CPU
		{CC916829-5089-46B2-99B0-EB3C653CD2C3}.Release|Any CPU.Build.0 = Release|Any CPU
		{14189CAD-5BCC-4125-BAFE-8261D5704E74}.Debug|Any CPU.ActiveCfg = Debug|Any CPU
		{14189CAD-5BCC-4125-BAFE-8261D5704E74}.Debug|Any CPU.Build.0 = Debug|Any CPU
		{14189CAD-5BCC-4125-BAFE-8261D5704E74}.Release|Any CPU.ActiveCfg = Release|Any CPU
		{14189CAD-5BCC-4125-BAFE-8261D5704E74}.Release|Any CPU.Build.0 = Release|Any CPU
		{E3755038-3C99-4502-98F6-80F73FD28507}.Debug|Any CPU.ActiveCfg = Debug|Any CPU
		{E3755038-3C99-4502-98F6-80F73FD28507}.Debug|Any CPU.Build.0 = Debug|Any CPU
		{E3755038-3C99-4502-98F6-80F73FD28507}.Release|Any CPU.ActiveCfg = Release|Any CPU
		{E3755038-3C99-4502-98F6-80F73FD28507}.Release|Any CPU.Build.0 = Release|Any CPU
		{61F763EA-549C-4946-A669-B19971A2AA3E}.Debug|Any CPU.ActiveCfg = Debug|Any CPU
		{61F763EA-549C-4946-A669-B19971A2AA3E}.Debug|Any CPU.Build.0 = Debug|Any CPU
		{61F763EA-549C-4946-A669-B19971A2AA3E}.Release|Any CPU.ActiveCfg = Release|Any CPU
		{61F763EA-549C-4946-A669-B19971A2AA3E}.Release|Any CPU.Build.0 = Release|Any CPU
		{40AB58ED-8A55-47D4-8D16-9A730837F80D}.Debug|Any CPU.ActiveCfg = Debug|Any CPU
		{40AB58ED-8A55-47D4-8D16-9A730837F80D}.Debug|Any CPU.Build.0 = Debug|Any CPU
		{40AB58ED-8A55-47D4-8D16-9A730837F80D}.Release|Any CPU.ActiveCfg = Release|Any CPU
		{40AB58ED-8A55-47D4-8D16-9A730837F80D}.Release|Any CPU.Build.0 = Release|Any CPU
		{1BC5B7CF-9EAE-4FFD-BB3D-369867297924}.Debug|Any CPU.ActiveCfg = Debug|Any CPU
		{1BC5B7CF-9EAE-4FFD-BB3D-369867297924}.Debug|Any CPU.Build.0 = Debug|Any CPU
		{1BC5B7CF-9EAE-4FFD-BB3D-369867297924}.Release|Any CPU.ActiveCfg = Release|Any CPU
		{1BC5B7CF-9EAE-4FFD-BB3D-369867297924}.Release|Any CPU.Build.0 = Release|Any CPU
		{0C3DF92B-0BF7-4D60-8CA7-1915D2292302}.Debug|Any CPU.ActiveCfg = Debug|Any CPU
		{0C3DF92B-0BF7-4D60-8CA7-1915D2292302}.Debug|Any CPU.Build.0 = Debug|Any CPU
		{0C3DF92B-0BF7-4D60-8CA7-1915D2292302}.Release|Any CPU.ActiveCfg = Release|Any CPU
		{0C3DF92B-0BF7-4D60-8CA7-1915D2292302}.Release|Any CPU.Build.0 = Release|Any CPU
		{E34D25D3-9150-4199-87D3-83CF4F506764}.Debug|Any CPU.ActiveCfg = Debug|Any CPU
		{E34D25D3-9150-4199-87D3-83CF4F506764}.Debug|Any CPU.Build.0 = Debug|Any CPU
		{E34D25D3-9150-4199-87D3-83CF4F506764}.Release|Any CPU.ActiveCfg = Release|Any CPU
		{E34D25D3-9150-4199-87D3-83CF4F506764}.Release|Any CPU.Build.0 = Release|Any CPU
		{7B15BA29-F25A-4AB1-9119-0055F70D7CD3}.Debug|Any CPU.ActiveCfg = Debug|Any CPU
		{7B15BA29-F25A-4AB1-9119-0055F70D7CD3}.Debug|Any CPU.Build.0 = Debug|Any CPU
		{7B15BA29-F25A-4AB1-9119-0055F70D7CD3}.Release|Any CPU.ActiveCfg = Release|Any CPU
		{7B15BA29-F25A-4AB1-9119-0055F70D7CD3}.Release|Any CPU.Build.0 = Release|Any CPU
		{C5DA3F1A-8B5B-4433-8803-C581600016D1}.Debug|Any CPU.ActiveCfg = Debug|Any CPU
		{C5DA3F1A-8B5B-4433-8803-C581600016D1}.Debug|Any CPU.Build.0 = Debug|Any CPU
		{C5DA3F1A-8B5B-4433-8803-C581600016D1}.Release|Any CPU.ActiveCfg = Release|Any CPU
		{C5DA3F1A-8B5B-4433-8803-C581600016D1}.Release|Any CPU.Build.0 = Release|Any CPU
	EndGlobalSection
	GlobalSection(SolutionProperties) = preSolution
		HideSolutionNode = FALSE
	EndGlobalSection
	GlobalSection(NestedProjects) = preSolution
		{FFDEC029-3BC7-49E8-BCE6-E1EB6128D3F6} = {1B83FEA2-6467-44AD-A718-A51B9A67BC23}
		{F2823E4F-BDD0-40FA-8A04-ACC00EFD726F} = {1B83FEA2-6467-44AD-A718-A51B9A67BC23}
		{BB6F6A8D-E6C6-4692-9C75-A1CC0BB35A0C} = {1B83FEA2-6467-44AD-A718-A51B9A67BC23}
		{EFF1A877-B24E-4B6C-BB5A-20463BE11785} = {1B83FEA2-6467-44AD-A718-A51B9A67BC23}
		{51753F67-4DFC-4322-B61E-04520857490B} = {1B83FEA2-6467-44AD-A718-A51B9A67BC23}
		{A1C8E813-0EC7-414C-A894-9B7EBB1316F5} = {C7BDD76D-27F1-445D-8125-FCE2D974A1DB}
		{CC916829-5089-46B2-99B0-EB3C653CD2C3} = {C7BDD76D-27F1-445D-8125-FCE2D974A1DB}
		{14189CAD-5BCC-4125-BAFE-8261D5704E74} = {C7BDD76D-27F1-445D-8125-FCE2D974A1DB}
		{E3755038-3C99-4502-98F6-80F73FD28507} = {19203379-4B1B-4436-809D-30980492B3D5}
		{61F763EA-549C-4946-A669-B19971A2AA3E} = {C7BDD76D-27F1-445D-8125-FCE2D974A1DB}
		{C7BDD76D-27F1-445D-8125-FCE2D974A1DB} = {19203379-4B1B-4436-809D-30980492B3D5}
		{40AB58ED-8A55-47D4-8D16-9A730837F80D} = {C7BDD76D-27F1-445D-8125-FCE2D974A1DB}
		{1BC5B7CF-9EAE-4FFD-BB3D-369867297924} = {1B83FEA2-6467-44AD-A718-A51B9A67BC23}
		{0C3DF92B-0BF7-4D60-8CA7-1915D2292302} = {22A093C2-E9DA-4701-9681-86EC24D55C23}
		{E34D25D3-9150-4199-87D3-83CF4F506764} = {22A093C2-E9DA-4701-9681-86EC24D55C23}
		{1C0F7A6F-5916-49B4-9467-1732F4816CE9} = {19203379-4B1B-4436-809D-30980492B3D5}
		{7B15BA29-F25A-4AB1-9119-0055F70D7CD3} = {1C0F7A6F-5916-49B4-9467-1732F4816CE9}
		{C5DA3F1A-8B5B-4433-8803-C581600016D1} = {FC793B06-1827-4AAD-ACD8-FF1278E738D9}
	EndGlobalSection
	GlobalSection(ExtensibilityGlobals) = postSolution
		SolutionGuid = {826ECE9C-E1DC-47C7-BFDB-6F4CEA36511B}
	EndGlobalSection
EndGlobal
