
Microsoft Visual Studio Solution File, Format Version 12.00
# Visual Studio Version 17
VisualStudioVersion = 17.0.32112.339
MinimumVisualStudioVersion = 10.0.40219.1
Project("{2150E333-8FDC-42A3-9474-1A3956D46DE8}") = "Solution Items", "Solution Items", "{7F80EF36-698E-4D2C-9F28-86684EC5DF4A}"
	ProjectSection(SolutionItems) = preProject
		DependenciesGraph.png = DependenciesGraph.png
		LICENSE = LICENSE
		README.md = README.md
	EndProjectSection
EndProject
Project("{9A19103F-16F7-4668-BE54-9A1E7A4F7556}") = "Twilight.CQRS.Interfaces", "Src\Twilight.CQRS.Interfaces\Twilight.CQRS.Interfaces.csproj", "{FBF4A6DF-A683-4960-AF89-87079CBAAEC5}"
EndProject
Project("{9A19103F-16F7-4668-BE54-9A1E7A4F7556}") = "Twilight.CQRS.Messaging.Interfaces", "Src\Twilight.CQRS.Messaging.Interfaces\Twilight.CQRS.Messaging.Interfaces.csproj", "{DD65D5D3-6FBD-4709-B4FE-7BC2F912190A}"
EndProject
Project("{9A19103F-16F7-4668-BE54-9A1E7A4F7556}") = "Twilight.CQRS", "Src\Twilight.CQRS\Twilight.CQRS.csproj", "{E7F1DF13-5089-41CE-8D5E-D461E99CB426}"
EndProject
Project("{9A19103F-16F7-4668-BE54-9A1E7A4F7556}") = "Twilight.CQRS.Autofac", "Src\Twilight.CQRS.Autofac\Twilight.CQRS.Autofac.csproj", "{8C6EDB84-1065-4643-BAFB-74E4992452B1}"
EndProject
Project("{9A19103F-16F7-4668-BE54-9A1E7A4F7556}") = "Twilight.CQRS.Messaging.InMemory.Autofac", "Src\Twilight.CQRS.Messaging.InMemory.Autofac\Twilight.CQRS.Messaging.InMemory.Autofac.csproj", "{97232A73-765D-4E57-B8F7-178C5FD1F906}"
EndProject
Project("{9A19103F-16F7-4668-BE54-9A1E7A4F7556}") = "Twilight.CQRS.Messaging.InMemory.Autofac.Tests.Integration", "Test\Twilight.CQRS.Messaging.InMemory.Autofac.Tests.Integration\Twilight.CQRS.Messaging.InMemory.Autofac.Tests.Integration.csproj", "{143C2D4D-66F9-4C8A-8758-4BC5BCF3F928}"
EndProject
Project("{9A19103F-16F7-4668-BE54-9A1E7A4F7556}") = "Twilight.CQRS.Messaging.InMemory.Autofac.Tests.Unit", "Test\Twilight.CQRS.Messaging.InMemory.Autofac.Tests.Unit\Twilight.CQRS.Messaging.InMemory.Autofac.Tests.Unit.csproj", "{5E69A57A-B4BF-4C25-82AD-A23CE049C119}"
EndProject
Project("{9A19103F-16F7-4668-BE54-9A1E7A4F7556}") = "Twilight.CQRS.Tests.Common", "Test\Twilight.CQRS.Tests.Common\Twilight.CQRS.Tests.Common.csproj", "{EB3DEE27-091D-40DB-9BAC-AFFF049CFD39}"
EndProject
Project("{9A19103F-16F7-4668-BE54-9A1E7A4F7556}") = "Twilight.CQRS.Tests.Unit", "Test\Twilight.CQRS.Tests.Unit\Twilight.CQRS.Tests.Unit.csproj", "{01860F80-5AD9-4251-B0F4-6DE9507DA39F}"
EndProject
Project("{9A19103F-16F7-4668-BE54-9A1E7A4F7556}") = "Twilight.CQRS.Autofac.Tests.Unit", "Test\Twilight.CQRS.Autofac.Tests.Unit\Twilight.CQRS.Autofac.Tests.Unit.csproj", "{18337CF2-C3EA-4201-A597-DC9649D4EB2A}"
EndProject
Project("{2150E333-8FDC-42A3-9474-1A3956D46DE8}") = "CQRS", "CQRS", "{8C3A64F8-54D3-4EFA-B910-2DDE79D7206C}"
EndProject
Project("{2150E333-8FDC-42A3-9474-1A3956D46DE8}") = "Tests", "Tests", "{8B189B56-AD4C-4617-AC32-999567271C58}"
EndProject
Project("{2150E333-8FDC-42A3-9474-1A3956D46DE8}") = "Samples", "Samples", "{3C99F06C-4AD2-4328-B8C5-6988BF03F24A}"
EndProject
Project("{9A19103F-16F7-4668-BE54-9A1E7A4F7556}") = "Twilight.Samples.CQRS", "Samples\Twilight.Samples.CQRS\Twilight.Samples.CQRS.csproj", "{3309A085-5888-4015-8382-4A7F1B493BDB}"
EndProject
Project("{9A19103F-16F7-4668-BE54-9A1E7A4F7556}") = "Twilight.Samples.Common", "Samples\Twilight.Samples.Common\Twilight.Samples.Common.csproj", "{15E6B609-AAD2-4AD1-AB57-3ABC53A268FA}"
EndProject
Project("{9A19103F-16F7-4668-BE54-9A1E7A4F7556}") = "Twilight.CQRS.Benchmarks", "Test\Twilight.CQRS.Benchmarks\Twilight.CQRS.Benchmarks.csproj", "{D64C370E-4942-4A93-9F94-A142B38830DB}"
EndProject
Project("{2150E333-8FDC-42A3-9474-1A3956D46DE8}") = "Unit", "Unit", "{8D6B35D2-B87B-4A92-A42B-11C6B0612726}"
EndProject
Project("{2150E333-8FDC-42A3-9474-1A3956D46DE8}") = "Integration", "Integration", "{6C54A309-86AB-4BCC-ACEE-6C400EEF180F}"
EndProject
Project("{2150E333-8FDC-42A3-9474-1A3956D46DE8}") = "Performance", "Performance", "{0E56099D-FEF0-4FBB-93E3-36B3F641DE42}"
EndProject
Global
	GlobalSection(SolutionConfigurationPlatforms) = preSolution
		Debug|Any CPU = Debug|Any CPU
		Release|Any CPU = Release|Any CPU
	EndGlobalSection
	GlobalSection(ProjectConfigurationPlatforms) = postSolution
		{FBF4A6DF-A683-4960-AF89-87079CBAAEC5}.Debug|Any CPU.ActiveCfg = Debug|Any CPU
		{FBF4A6DF-A683-4960-AF89-87079CBAAEC5}.Debug|Any CPU.Build.0 = Debug|Any CPU
		{FBF4A6DF-A683-4960-AF89-87079CBAAEC5}.Release|Any CPU.ActiveCfg = Release|Any CPU
		{FBF4A6DF-A683-4960-AF89-87079CBAAEC5}.Release|Any CPU.Build.0 = Release|Any CPU
		{DD65D5D3-6FBD-4709-B4FE-7BC2F912190A}.Debug|Any CPU.ActiveCfg = Debug|Any CPU
		{DD65D5D3-6FBD-4709-B4FE-7BC2F912190A}.Debug|Any CPU.Build.0 = Debug|Any CPU
		{DD65D5D3-6FBD-4709-B4FE-7BC2F912190A}.Release|Any CPU.ActiveCfg = Release|Any CPU
		{DD65D5D3-6FBD-4709-B4FE-7BC2F912190A}.Release|Any CPU.Build.0 = Release|Any CPU
		{E7F1DF13-5089-41CE-8D5E-D461E99CB426}.Debug|Any CPU.ActiveCfg = Debug|Any CPU
		{E7F1DF13-5089-41CE-8D5E-D461E99CB426}.Debug|Any CPU.Build.0 = Debug|Any CPU
		{E7F1DF13-5089-41CE-8D5E-D461E99CB426}.Release|Any CPU.ActiveCfg = Release|Any CPU
		{E7F1DF13-5089-41CE-8D5E-D461E99CB426}.Release|Any CPU.Build.0 = Release|Any CPU
		{8C6EDB84-1065-4643-BAFB-74E4992452B1}.Debug|Any CPU.ActiveCfg = Debug|Any CPU
		{8C6EDB84-1065-4643-BAFB-74E4992452B1}.Debug|Any CPU.Build.0 = Debug|Any CPU
		{8C6EDB84-1065-4643-BAFB-74E4992452B1}.Release|Any CPU.ActiveCfg = Release|Any CPU
		{8C6EDB84-1065-4643-BAFB-74E4992452B1}.Release|Any CPU.Build.0 = Release|Any CPU
		{97232A73-765D-4E57-B8F7-178C5FD1F906}.Debug|Any CPU.ActiveCfg = Debug|Any CPU
		{97232A73-765D-4E57-B8F7-178C5FD1F906}.Debug|Any CPU.Build.0 = Debug|Any CPU
		{97232A73-765D-4E57-B8F7-178C5FD1F906}.Release|Any CPU.ActiveCfg = Release|Any CPU
		{97232A73-765D-4E57-B8F7-178C5FD1F906}.Release|Any CPU.Build.0 = Release|Any CPU
		{143C2D4D-66F9-4C8A-8758-4BC5BCF3F928}.Debug|Any CPU.ActiveCfg = Debug|Any CPU
		{143C2D4D-66F9-4C8A-8758-4BC5BCF3F928}.Debug|Any CPU.Build.0 = Debug|Any CPU
		{143C2D4D-66F9-4C8A-8758-4BC5BCF3F928}.Release|Any CPU.ActiveCfg = Release|Any CPU
		{143C2D4D-66F9-4C8A-8758-4BC5BCF3F928}.Release|Any CPU.Build.0 = Release|Any CPU
		{5E69A57A-B4BF-4C25-82AD-A23CE049C119}.Debug|Any CPU.ActiveCfg = Debug|Any CPU
		{5E69A57A-B4BF-4C25-82AD-A23CE049C119}.Debug|Any CPU.Build.0 = Debug|Any CPU
		{5E69A57A-B4BF-4C25-82AD-A23CE049C119}.Release|Any CPU.ActiveCfg = Release|Any CPU
		{5E69A57A-B4BF-4C25-82AD-A23CE049C119}.Release|Any CPU.Build.0 = Release|Any CPU
		{EB3DEE27-091D-40DB-9BAC-AFFF049CFD39}.Debug|Any CPU.ActiveCfg = Debug|Any CPU
		{EB3DEE27-091D-40DB-9BAC-AFFF049CFD39}.Debug|Any CPU.Build.0 = Debug|Any CPU
		{EB3DEE27-091D-40DB-9BAC-AFFF049CFD39}.Release|Any CPU.ActiveCfg = Release|Any CPU
		{EB3DEE27-091D-40DB-9BAC-AFFF049CFD39}.Release|Any CPU.Build.0 = Release|Any CPU
		{01860F80-5AD9-4251-B0F4-6DE9507DA39F}.Debug|Any CPU.ActiveCfg = Debug|Any CPU
		{01860F80-5AD9-4251-B0F4-6DE9507DA39F}.Debug|Any CPU.Build.0 = Debug|Any CPU
		{01860F80-5AD9-4251-B0F4-6DE9507DA39F}.Release|Any CPU.ActiveCfg = Release|Any CPU
		{01860F80-5AD9-4251-B0F4-6DE9507DA39F}.Release|Any CPU.Build.0 = Release|Any CPU
		{18337CF2-C3EA-4201-A597-DC9649D4EB2A}.Debug|Any CPU.ActiveCfg = Debug|Any CPU
		{18337CF2-C3EA-4201-A597-DC9649D4EB2A}.Debug|Any CPU.Build.0 = Debug|Any CPU
		{18337CF2-C3EA-4201-A597-DC9649D4EB2A}.Release|Any CPU.ActiveCfg = Release|Any CPU
		{18337CF2-C3EA-4201-A597-DC9649D4EB2A}.Release|Any CPU.Build.0 = Release|Any CPU
		{3309A085-5888-4015-8382-4A7F1B493BDB}.Debug|Any CPU.ActiveCfg = Debug|Any CPU
		{3309A085-5888-4015-8382-4A7F1B493BDB}.Debug|Any CPU.Build.0 = Debug|Any CPU
		{3309A085-5888-4015-8382-4A7F1B493BDB}.Release|Any CPU.ActiveCfg = Release|Any CPU
		{3309A085-5888-4015-8382-4A7F1B493BDB}.Release|Any CPU.Build.0 = Release|Any CPU
		{15E6B609-AAD2-4AD1-AB57-3ABC53A268FA}.Debug|Any CPU.ActiveCfg = Debug|Any CPU
		{15E6B609-AAD2-4AD1-AB57-3ABC53A268FA}.Debug|Any CPU.Build.0 = Debug|Any CPU
		{15E6B609-AAD2-4AD1-AB57-3ABC53A268FA}.Release|Any CPU.ActiveCfg = Release|Any CPU
		{15E6B609-AAD2-4AD1-AB57-3ABC53A268FA}.Release|Any CPU.Build.0 = Release|Any CPU
		{D64C370E-4942-4A93-9F94-A142B38830DB}.Debug|Any CPU.ActiveCfg = Debug|Any CPU
		{D64C370E-4942-4A93-9F94-A142B38830DB}.Debug|Any CPU.Build.0 = Debug|Any CPU
		{D64C370E-4942-4A93-9F94-A142B38830DB}.Release|Any CPU.ActiveCfg = Release|Any CPU
		{D64C370E-4942-4A93-9F94-A142B38830DB}.Release|Any CPU.Build.0 = Release|Any CPU
	EndGlobalSection
	GlobalSection(SolutionProperties) = preSolution
		HideSolutionNode = FALSE
	EndGlobalSection
	GlobalSection(NestedProjects) = preSolution
		{FBF4A6DF-A683-4960-AF89-87079CBAAEC5} = {8C3A64F8-54D3-4EFA-B910-2DDE79D7206C}
		{DD65D5D3-6FBD-4709-B4FE-7BC2F912190A} = {8C3A64F8-54D3-4EFA-B910-2DDE79D7206C}
		{E7F1DF13-5089-41CE-8D5E-D461E99CB426} = {8C3A64F8-54D3-4EFA-B910-2DDE79D7206C}
		{8C6EDB84-1065-4643-BAFB-74E4992452B1} = {8C3A64F8-54D3-4EFA-B910-2DDE79D7206C}
		{97232A73-765D-4E57-B8F7-178C5FD1F906} = {8C3A64F8-54D3-4EFA-B910-2DDE79D7206C}
		{143C2D4D-66F9-4C8A-8758-4BC5BCF3F928} = {6C54A309-86AB-4BCC-ACEE-6C400EEF180F}
		{5E69A57A-B4BF-4C25-82AD-A23CE049C119} = {8D6B35D2-B87B-4A92-A42B-11C6B0612726}
		{EB3DEE27-091D-40DB-9BAC-AFFF049CFD39} = {8B189B56-AD4C-4617-AC32-999567271C58}
		{01860F80-5AD9-4251-B0F4-6DE9507DA39F} = {8D6B35D2-B87B-4A92-A42B-11C6B0612726}
		{18337CF2-C3EA-4201-A597-DC9649D4EB2A} = {8D6B35D2-B87B-4A92-A42B-11C6B0612726}
		{8B189B56-AD4C-4617-AC32-999567271C58} = {8C3A64F8-54D3-4EFA-B910-2DDE79D7206C}
		{3309A085-5888-4015-8382-4A7F1B493BDB} = {3C99F06C-4AD2-4328-B8C5-6988BF03F24A}
		{15E6B609-AAD2-4AD1-AB57-3ABC53A268FA} = {3C99F06C-4AD2-4328-B8C5-6988BF03F24A}
		{D64C370E-4942-4A93-9F94-A142B38830DB} = {0E56099D-FEF0-4FBB-93E3-36B3F641DE42}
		{8D6B35D2-B87B-4A92-A42B-11C6B0612726} = {8B189B56-AD4C-4617-AC32-999567271C58}
		{6C54A309-86AB-4BCC-ACEE-6C400EEF180F} = {8B189B56-AD4C-4617-AC32-999567271C58}
		{0E56099D-FEF0-4FBB-93E3-36B3F641DE42} = {8B189B56-AD4C-4617-AC32-999567271C58}
	EndGlobalSection
	GlobalSection(ExtensibilityGlobals) = postSolution
		SolutionGuid = {C34924A5-C1CA-4D61-87AB-BD36772BA85E}
	EndGlobalSection
EndGlobal
